// !$*UTF8*$!
{
	archiveVersion = 1;
	classes = {
	};
	objectVersion = 56;
	objects = {

/* Begin PBXBuildFile section */
		2FCC3B792C0DF6E100520C95 /* AppDelegate.swift in Sources */ = {isa = PBXBuildFile; fileRef = 2FCC3B782C0DF6E100520C95 /* AppDelegate.swift */; };
		2FCC3B7B2C0DF6E100520C95 /* SceneDelegate.swift in Sources */ = {isa = PBXBuildFile; fileRef = 2FCC3B7A2C0DF6E100520C95 /* SceneDelegate.swift */; };
		2FCC3B832C0DF6E100520C95 /* TMDbMovies.xcdatamodeld in Sources */ = {isa = PBXBuildFile; fileRef = 2FCC3B812C0DF6E100520C95 /* TMDbMovies.xcdatamodeld */; };
		2FCC3B852C0DF6E400520C95 /* Assets.xcassets in Resources */ = {isa = PBXBuildFile; fileRef = 2FCC3B842C0DF6E400520C95 /* Assets.xcassets */; };
		2FCC3B882C0DF6E400520C95 /* Base in Resources */ = {isa = PBXBuildFile; fileRef = 2FCC3B872C0DF6E400520C95 /* Base */; };
		2FCC3B932C0DF6E400520C95 /* TMDbMoviesTests.swift in Sources */ = {isa = PBXBuildFile; fileRef = 2FCC3B922C0DF6E400520C95 /* TMDbMoviesTests.swift */; };
		8007C4422C0E08CB009F8ACC /* AppServices.framework in Frameworks */ = {isa = PBXBuildFile; fileRef = 8007C4412C0E08CB009F8ACC /* AppServices.framework */; };
		8007C4432C0E08CB009F8ACC /* AppServices.framework in Embed Frameworks */ = {isa = PBXBuildFile; fileRef = 8007C4412C0E08CB009F8ACC /* AppServices.framework */; settings = {ATTRIBUTES = (CodeSignOnCopy, RemoveHeadersOnCopy, ); }; };
		8007C47B2C0EFCE4009F8ACC /* AppCoordinator.swift in Sources */ = {isa = PBXBuildFile; fileRef = 8007C47A2C0EFCE4009F8ACC /* AppCoordinator.swift */; };
		8007C47E2C0EFD23009F8ACC /* Coordinator.swift in Sources */ = {isa = PBXBuildFile; fileRef = 8007C47D2C0EFD23009F8ACC /* Coordinator.swift */; };
		8007C4812C0EFDA0009F8ACC /* TabCoordinator.swift in Sources */ = {isa = PBXBuildFile; fileRef = 8007C4802C0EFDA0009F8ACC /* TabCoordinator.swift */; };
		8007C48E2C0F4BCA009F8ACC /* MoviesViewModel.swift in Sources */ = {isa = PBXBuildFile; fileRef = 8007C48D2C0F4BCA009F8ACC /* MoviesViewModel.swift */; };
		8007C4902C0F4BD7009F8ACC /* Movie.swift in Sources */ = {isa = PBXBuildFile; fileRef = 8007C48F2C0F4BD7009F8ACC /* Movie.swift */; };
		8007C4932C0F5019009F8ACC /* MoviesRepository.swift in Sources */ = {isa = PBXBuildFile; fileRef = 8007C4922C0F5019009F8ACC /* MoviesRepository.swift */; };
		8007C4962C0F5203009F8ACC /* MoviesRequest.swift in Sources */ = {isa = PBXBuildFile; fileRef = 8007C4952C0F5203009F8ACC /* MoviesRequest.swift */; };
		8007C4992C0F52D0009F8ACC /* MoviesUseCase.swift in Sources */ = {isa = PBXBuildFile; fileRef = 8007C4982C0F52D0009F8ACC /* MoviesUseCase.swift */; };
		8007C49E2C0F9DB7009F8ACC /* MoviesViewController.swift in Sources */ = {isa = PBXBuildFile; fileRef = 8007C49C2C0F9DB7009F8ACC /* MoviesViewController.swift */; };
		8007C49F2C0F9DB7009F8ACC /* MoviesViewController.xib in Resources */ = {isa = PBXBuildFile; fileRef = 8007C49D2C0F9DB7009F8ACC /* MoviesViewController.xib */; };
		8007C4A22C0FA280009F8ACC /* MovieTableViewCell.swift in Sources */ = {isa = PBXBuildFile; fileRef = 8007C4A02C0FA280009F8ACC /* MovieTableViewCell.swift */; };
		8007C4A32C0FA280009F8ACC /* MovieTableViewCell.xib in Resources */ = {isa = PBXBuildFile; fileRef = 8007C4A12C0FA280009F8ACC /* MovieTableViewCell.xib */; };
		8007C4A52C0FA28E009F8ACC /* MovieCellViewModel.swift in Sources */ = {isa = PBXBuildFile; fileRef = 8007C4A42C0FA28E009F8ACC /* MovieCellViewModel.swift */; };
		8007C4C02C0FA51D009F8ACC /* AppUIKit.framework in Frameworks */ = {isa = PBXBuildFile; fileRef = 8007C4BF2C0FA51D009F8ACC /* AppUIKit.framework */; };
		8007C4C12C0FA51D009F8ACC /* AppUIKit.framework in Embed Frameworks */ = {isa = PBXBuildFile; fileRef = 8007C4BF2C0FA51D009F8ACC /* AppUIKit.framework */; settings = {ATTRIBUTES = (CodeSignOnCopy, RemoveHeadersOnCopy, ); }; };
		8007C4CA2C1047C7009F8ACC /* Constants.swift in Sources */ = {isa = PBXBuildFile; fileRef = 8007C4C92C1047C7009F8ACC /* Constants.swift */; };
		8007C4EC2C109232009F8ACC /* MovieDetailsViewModel.swift in Sources */ = {isa = PBXBuildFile; fileRef = 8007C4EB2C109232009F8ACC /* MovieDetailsViewModel.swift */; };
		8007C4EF2C10925D009F8ACC /* MovieDetailsViewController.swift in Sources */ = {isa = PBXBuildFile; fileRef = 8007C4ED2C10925D009F8ACC /* MovieDetailsViewController.swift */; };
		8007C4F02C10925D009F8ACC /* MovieDetailsViewController.xib in Resources */ = {isa = PBXBuildFile; fileRef = 8007C4EE2C10925D009F8ACC /* MovieDetailsViewController.xib */; };
		8007C4F42C10A0AC009F8ACC /* MoviesCoordinator.swift in Sources */ = {isa = PBXBuildFile; fileRef = 8007C4F32C10A0AC009F8ACC /* MoviesCoordinator.swift */; };
		8007C4F62C10D3E1009F8ACC /* MovieDetailsRequest.swift in Sources */ = {isa = PBXBuildFile; fileRef = 8007C4F52C10D3E1009F8ACC /* MovieDetailsRequest.swift */; };
		8007C4F82C10D79C009F8ACC /* MovieDetailsRepository.swift in Sources */ = {isa = PBXBuildFile; fileRef = 8007C4F72C10D79C009F8ACC /* MovieDetailsRepository.swift */; };
		8007C4FA2C10D83F009F8ACC /* MovieDetailsUseCase.swift in Sources */ = {isa = PBXBuildFile; fileRef = 8007C4F92C10D83F009F8ACC /* MovieDetailsUseCase.swift */; };
		8007C4FE2C11087B009F8ACC /* MovieDetailsViewModelTests.swift in Sources */ = {isa = PBXBuildFile; fileRef = 8007C4FD2C11087B009F8ACC /* MovieDetailsViewModelTests.swift */; };
		8007C5022C110DAD009F8ACC /* AppServices.framework in Frameworks */ = {isa = PBXBuildFile; fileRef = 8007C5012C110DAD009F8ACC /* AppServices.framework */; };
		8007C5032C110DAD009F8ACC /* AppServices.framework in Embed Frameworks */ = {isa = PBXBuildFile; fileRef = 8007C5012C110DAD009F8ACC /* AppServices.framework */; settings = {ATTRIBUTES = (CodeSignOnCopy, RemoveHeadersOnCopy, ); }; };
		8007C5082C1112FB009F8ACC /* MoviesViewModelTests.swift in Sources */ = {isa = PBXBuildFile; fileRef = 8007C5072C1112FB009F8ACC /* MoviesViewModelTests.swift */; };
/* End PBXBuildFile section */

/* Begin PBXContainerItemProxy section */
		2FCC3B8F2C0DF6E400520C95 /* PBXContainerItemProxy */ = {
			isa = PBXContainerItemProxy;
			containerPortal = 2FCC3B6D2C0DF6E100520C95 /* Project object */;
			proxyType = 1;
			remoteGlobalIDString = 2FCC3B742C0DF6E100520C95;
			remoteInfo = TMDbMovies;
		};
/* End PBXContainerItemProxy section */

/* Begin PBXCopyFilesBuildPhase section */
		8007C4442C0E08CB009F8ACC /* Embed Frameworks */ = {
			isa = PBXCopyFilesBuildPhase;
			buildActionMask = 2147483647;
			dstPath = "";
			dstSubfolderSpec = 10;
			files = (
				8007C4432C0E08CB009F8ACC /* AppServices.framework in Embed Frameworks */,
				8007C4C12C0FA51D009F8ACC /* AppUIKit.framework in Embed Frameworks */,
			);
			name = "Embed Frameworks";
			runOnlyForDeploymentPostprocessing = 0;
		};
		8007C5042C110DAD009F8ACC /* Embed Frameworks */ = {
			isa = PBXCopyFilesBuildPhase;
			buildActionMask = 2147483647;
			dstPath = "";
			dstSubfolderSpec = 10;
			files = (
				8007C5032C110DAD009F8ACC /* AppServices.framework in Embed Frameworks */,
			);
			name = "Embed Frameworks";
			runOnlyForDeploymentPostprocessing = 0;
		};
/* End PBXCopyFilesBuildPhase section */

/* Begin PBXFileReference section */
		2FCC3B752C0DF6E100520C95 /* TMDbMovies.app */ = {isa = PBXFileReference; explicitFileType = wrapper.application; includeInIndex = 0; path = TMDbMovies.app; sourceTree = BUILT_PRODUCTS_DIR; };
		2FCC3B782C0DF6E100520C95 /* AppDelegate.swift */ = {isa = PBXFileReference; lastKnownFileType = sourcecode.swift; path = AppDelegate.swift; sourceTree = "<group>"; };
		2FCC3B7A2C0DF6E100520C95 /* SceneDelegate.swift */ = {isa = PBXFileReference; lastKnownFileType = sourcecode.swift; path = SceneDelegate.swift; sourceTree = "<group>"; };
		2FCC3B822C0DF6E100520C95 /* TMDbMovies.xcdatamodel */ = {isa = PBXFileReference; lastKnownFileType = wrapper.xcdatamodel; path = TMDbMovies.xcdatamodel; sourceTree = "<group>"; };
		2FCC3B842C0DF6E400520C95 /* Assets.xcassets */ = {isa = PBXFileReference; lastKnownFileType = folder.assetcatalog; path = Assets.xcassets; sourceTree = "<group>"; };
		2FCC3B872C0DF6E400520C95 /* Base */ = {isa = PBXFileReference; lastKnownFileType = file.storyboard; name = Base; path = Base.lproj/LaunchScreen.storyboard; sourceTree = "<group>"; };
		2FCC3B892C0DF6E400520C95 /* Info.plist */ = {isa = PBXFileReference; lastKnownFileType = text.plist.xml; path = Info.plist; sourceTree = "<group>"; };
		2FCC3B8E2C0DF6E400520C95 /* TMDbMoviesTests.xctest */ = {isa = PBXFileReference; explicitFileType = wrapper.cfbundle; includeInIndex = 0; path = TMDbMoviesTests.xctest; sourceTree = BUILT_PRODUCTS_DIR; };
		2FCC3B922C0DF6E400520C95 /* TMDbMoviesTests.swift */ = {isa = PBXFileReference; lastKnownFileType = sourcecode.swift; path = TMDbMoviesTests.swift; sourceTree = "<group>"; };
		8007C4412C0E08CB009F8ACC /* AppServices.framework */ = {isa = PBXFileReference; explicitFileType = wrapper.framework; path = AppServices.framework; sourceTree = BUILT_PRODUCTS_DIR; };
		8007C46A2C0E0C3F009F8ACC /* AppHelpers.framework */ = {isa = PBXFileReference; explicitFileType = wrapper.framework; path = AppHelpers.framework; sourceTree = BUILT_PRODUCTS_DIR; };
		8007C47A2C0EFCE4009F8ACC /* AppCoordinator.swift */ = {isa = PBXFileReference; lastKnownFileType = sourcecode.swift; path = AppCoordinator.swift; sourceTree = "<group>"; };
		8007C47D2C0EFD23009F8ACC /* Coordinator.swift */ = {isa = PBXFileReference; lastKnownFileType = sourcecode.swift; path = Coordinator.swift; sourceTree = "<group>"; };
		8007C4802C0EFDA0009F8ACC /* TabCoordinator.swift */ = {isa = PBXFileReference; lastKnownFileType = sourcecode.swift; path = TabCoordinator.swift; sourceTree = "<group>"; };
		8007C48D2C0F4BCA009F8ACC /* MoviesViewModel.swift */ = {isa = PBXFileReference; lastKnownFileType = sourcecode.swift; path = MoviesViewModel.swift; sourceTree = "<group>"; };
		8007C48F2C0F4BD7009F8ACC /* Movie.swift */ = {isa = PBXFileReference; lastKnownFileType = sourcecode.swift; path = Movie.swift; sourceTree = "<group>"; };
		8007C4922C0F5019009F8ACC /* MoviesRepository.swift */ = {isa = PBXFileReference; lastKnownFileType = sourcecode.swift; path = MoviesRepository.swift; sourceTree = "<group>"; };
		8007C4952C0F5203009F8ACC /* MoviesRequest.swift */ = {isa = PBXFileReference; lastKnownFileType = sourcecode.swift; path = MoviesRequest.swift; sourceTree = "<group>"; };
		8007C4982C0F52D0009F8ACC /* MoviesUseCase.swift */ = {isa = PBXFileReference; lastKnownFileType = sourcecode.swift; path = MoviesUseCase.swift; sourceTree = "<group>"; };
		8007C49C2C0F9DB7009F8ACC /* MoviesViewController.swift */ = {isa = PBXFileReference; lastKnownFileType = sourcecode.swift; path = MoviesViewController.swift; sourceTree = "<group>"; };
		8007C49D2C0F9DB7009F8ACC /* MoviesViewController.xib */ = {isa = PBXFileReference; lastKnownFileType = file.xib; path = MoviesViewController.xib; sourceTree = "<group>"; };
		8007C4A02C0FA280009F8ACC /* MovieTableViewCell.swift */ = {isa = PBXFileReference; lastKnownFileType = sourcecode.swift; path = MovieTableViewCell.swift; sourceTree = "<group>"; };
		8007C4A12C0FA280009F8ACC /* MovieTableViewCell.xib */ = {isa = PBXFileReference; lastKnownFileType = file.xib; path = MovieTableViewCell.xib; sourceTree = "<group>"; };
		8007C4A42C0FA28E009F8ACC /* MovieCellViewModel.swift */ = {isa = PBXFileReference; lastKnownFileType = sourcecode.swift; path = MovieCellViewModel.swift; sourceTree = "<group>"; };
		8007C4BF2C0FA51D009F8ACC /* AppUIKit.framework */ = {isa = PBXFileReference; explicitFileType = wrapper.framework; path = AppUIKit.framework; sourceTree = BUILT_PRODUCTS_DIR; };
		8007C4C92C1047C7009F8ACC /* Constants.swift */ = {isa = PBXFileReference; lastKnownFileType = sourcecode.swift; path = Constants.swift; sourceTree = "<group>"; };
		8007C4EB2C109232009F8ACC /* MovieDetailsViewModel.swift */ = {isa = PBXFileReference; lastKnownFileType = sourcecode.swift; path = MovieDetailsViewModel.swift; sourceTree = "<group>"; };
		8007C4ED2C10925D009F8ACC /* MovieDetailsViewController.swift */ = {isa = PBXFileReference; lastKnownFileType = sourcecode.swift; path = MovieDetailsViewController.swift; sourceTree = "<group>"; };
		8007C4EE2C10925D009F8ACC /* MovieDetailsViewController.xib */ = {isa = PBXFileReference; lastKnownFileType = file.xib; path = MovieDetailsViewController.xib; sourceTree = "<group>"; };
		8007C4F32C10A0AC009F8ACC /* MoviesCoordinator.swift */ = {isa = PBXFileReference; lastKnownFileType = sourcecode.swift; path = MoviesCoordinator.swift; sourceTree = "<group>"; };
		8007C4F52C10D3E1009F8ACC /* MovieDetailsRequest.swift */ = {isa = PBXFileReference; lastKnownFileType = sourcecode.swift; path = MovieDetailsRequest.swift; sourceTree = "<group>"; };
		8007C4F72C10D79C009F8ACC /* MovieDetailsRepository.swift */ = {isa = PBXFileReference; lastKnownFileType = sourcecode.swift; path = MovieDetailsRepository.swift; sourceTree = "<group>"; };
		8007C4F92C10D83F009F8ACC /* MovieDetailsUseCase.swift */ = {isa = PBXFileReference; lastKnownFileType = sourcecode.swift; path = MovieDetailsUseCase.swift; sourceTree = "<group>"; };
		8007C4FD2C11087B009F8ACC /* MovieDetailsViewModelTests.swift */ = {isa = PBXFileReference; lastKnownFileType = sourcecode.swift; path = MovieDetailsViewModelTests.swift; sourceTree = "<group>"; };
		8007C5012C110DAD009F8ACC /* AppServices.framework */ = {isa = PBXFileReference; explicitFileType = wrapper.framework; path = AppServices.framework; sourceTree = BUILT_PRODUCTS_DIR; };
		8007C5072C1112FB009F8ACC /* MoviesViewModelTests.swift */ = {isa = PBXFileReference; lastKnownFileType = sourcecode.swift; path = MoviesViewModelTests.swift; sourceTree = "<group>"; };
/* End PBXFileReference section */

/* Begin PBXFrameworksBuildPhase section */
		2FCC3B722C0DF6E100520C95 /* Frameworks */ = {
			isa = PBXFrameworksBuildPhase;
			buildActionMask = 2147483647;
			files = (
				8007C4422C0E08CB009F8ACC /* AppServices.framework in Frameworks */,
				8007C4C02C0FA51D009F8ACC /* AppUIKit.framework in Frameworks */,
			);
			runOnlyForDeploymentPostprocessing = 0;
		};
		2FCC3B8B2C0DF6E400520C95 /* Frameworks */ = {
			isa = PBXFrameworksBuildPhase;
			buildActionMask = 2147483647;
			files = (
				8007C5022C110DAD009F8ACC /* AppServices.framework in Frameworks */,
			);
			runOnlyForDeploymentPostprocessing = 0;
		};
/* End PBXFrameworksBuildPhase section */

/* Begin PBXGroup section */
		2FCC3B6C2C0DF6E100520C95 = {
			isa = PBXGroup;
			children = (
				2FCC3B772C0DF6E100520C95 /* TMDbMovies */,
				2FCC3B912C0DF6E400520C95 /* TMDbMoviesTests */,
				2FCC3B762C0DF6E100520C95 /* Products */,
				8007C4402C0E08CB009F8ACC /* Frameworks */,
			);
			sourceTree = "<group>";
		};
		2FCC3B762C0DF6E100520C95 /* Products */ = {
			isa = PBXGroup;
			children = (
				2FCC3B752C0DF6E100520C95 /* TMDbMovies.app */,
				2FCC3B8E2C0DF6E400520C95 /* TMDbMoviesTests.xctest */,
			);
			name = Products;
			sourceTree = "<group>";
		};
		2FCC3B772C0DF6E100520C95 /* TMDbMovies */ = {
			isa = PBXGroup;
			children = (
				8007C4792C0E8DD4009F8ACC /* Application */,
				8007C47C2C0EFD15009F8ACC /* Coordinator */,
				8007C4942C0F51E5009F8ACC /* Network */,
				8007C4912C0F4FFB009F8ACC /* Data */,
				8007C4972C0F52A3009F8ACC /* Domain */,
				8007C49A2C0F53B1009F8ACC /* Presentation */,
				8007C4C72C104796009F8ACC /* Helpers */,
				8007C49B2C0F540C009F8ACC /* Resources */,
				2FCC3B892C0DF6E400520C95 /* Info.plist */,
				2FCC3B812C0DF6E100520C95 /* TMDbMovies.xcdatamodeld */,
			);
			path = TMDbMovies;
			sourceTree = "<group>";
		};
		2FCC3B912C0DF6E400520C95 /* TMDbMoviesTests */ = {
			isa = PBXGroup;
			children = (
				2FCC3B922C0DF6E400520C95 /* TMDbMoviesTests.swift */,
				8007C5072C1112FB009F8ACC /* MoviesViewModelTests.swift */,
				8007C4FD2C11087B009F8ACC /* MovieDetailsViewModelTests.swift */,
			);
			path = TMDbMoviesTests;
			sourceTree = "<group>";
		};
		8007C4402C0E08CB009F8ACC /* Frameworks */ = {
			isa = PBXGroup;
			children = (
				8007C5012C110DAD009F8ACC /* AppServices.framework */,
				8007C4BF2C0FA51D009F8ACC /* AppUIKit.framework */,
				8007C46A2C0E0C3F009F8ACC /* AppHelpers.framework */,
				8007C4412C0E08CB009F8ACC /* AppServices.framework */,
			);
			name = Frameworks;
			sourceTree = "<group>";
		};
		8007C4792C0E8DD4009F8ACC /* Application */ = {
			isa = PBXGroup;
			children = (
				2FCC3B782C0DF6E100520C95 /* AppDelegate.swift */,
				2FCC3B7A2C0DF6E100520C95 /* SceneDelegate.swift */,
			);
			path = Application;
			sourceTree = "<group>";
		};
		8007C47C2C0EFD15009F8ACC /* Coordinator */ = {
			isa = PBXGroup;
			children = (
				8007C47D2C0EFD23009F8ACC /* Coordinator.swift */,
				8007C47A2C0EFCE4009F8ACC /* AppCoordinator.swift */,
				8007C4802C0EFDA0009F8ACC /* TabCoordinator.swift */,
				8007C4F32C10A0AC009F8ACC /* MoviesCoordinator.swift */,
			);
			path = Coordinator;
			sourceTree = "<group>";
		};
		8007C4882C0F1249009F8ACC /* View */ = {
			isa = PBXGroup;
			children = (
				8007C4892C0F3415009F8ACC /* Movies */,
				8007C4EA2C109213009F8ACC /* MovieDetails */,
			);
			path = View;
			sourceTree = "<group>";
		};
		8007C4892C0F3415009F8ACC /* Movies */ = {
			isa = PBXGroup;
			children = (
				8007C48C2C0F4B88009F8ACC /* TableViewCells */,
				8007C49C2C0F9DB7009F8ACC /* MoviesViewController.swift */,
				8007C49D2C0F9DB7009F8ACC /* MoviesViewController.xib */,
			);
			path = Movies;
			sourceTree = "<group>";
		};
		8007C48A2C0F4B63009F8ACC /* ViewModel */ = {
			isa = PBXGroup;
			children = (
				8007C48D2C0F4BCA009F8ACC /* MoviesViewModel.swift */,
				8007C4EB2C109232009F8ACC /* MovieDetailsViewModel.swift */,
			);
			path = ViewModel;
			sourceTree = "<group>";
		};
		8007C48C2C0F4B88009F8ACC /* TableViewCells */ = {
			isa = PBXGroup;
			children = (
				8007C4A42C0FA28E009F8ACC /* MovieCellViewModel.swift */,
				8007C4A02C0FA280009F8ACC /* MovieTableViewCell.swift */,
				8007C4A12C0FA280009F8ACC /* MovieTableViewCell.xib */,
			);
			path = TableViewCells;
			sourceTree = "<group>";
		};
		8007C4912C0F4FFB009F8ACC /* Data */ = {
			isa = PBXGroup;
			children = (
				8007C4922C0F5019009F8ACC /* MoviesRepository.swift */,
				8007C4F72C10D79C009F8ACC /* MovieDetailsRepository.swift */,
			);
			path = Data;
			sourceTree = "<group>";
		};
		8007C4942C0F51E5009F8ACC /* Network */ = {
			isa = PBXGroup;
			children = (
				8007C4952C0F5203009F8ACC /* MoviesRequest.swift */,
				8007C4F52C10D3E1009F8ACC /* MovieDetailsRequest.swift */,
			);
			path = Network;
			sourceTree = "<group>";
		};
		8007C4972C0F52A3009F8ACC /* Domain */ = {
			isa = PBXGroup;
			children = (
				8007C48F2C0F4BD7009F8ACC /* Movie.swift */,
				8007C4982C0F52D0009F8ACC /* MoviesUseCase.swift */,
				8007C4F92C10D83F009F8ACC /* MovieDetailsUseCase.swift */,
			);
			path = Domain;
			sourceTree = "<group>";
		};
		8007C49A2C0F53B1009F8ACC /* Presentation */ = {
			isa = PBXGroup;
			children = (
				8007C48A2C0F4B63009F8ACC /* ViewModel */,
				8007C4882C0F1249009F8ACC /* View */,
			);
			path = Presentation;
			sourceTree = "<group>";
		};
		8007C49B2C0F540C009F8ACC /* Resources */ = {
			isa = PBXGroup;
			children = (
				2FCC3B842C0DF6E400520C95 /* Assets.xcassets */,
				2FCC3B862C0DF6E400520C95 /* LaunchScreen.storyboard */,
			);
			path = Resources;
			sourceTree = "<group>";
		};
		8007C4C72C104796009F8ACC /* Helpers */ = {
			isa = PBXGroup;
			children = (
				8007C4C92C1047C7009F8ACC /* Constants.swift */,
			);
			path = Helpers;
			sourceTree = "<group>";
		};
		8007C4EA2C109213009F8ACC /* MovieDetails */ = {
			isa = PBXGroup;
			children = (
				8007C4ED2C10925D009F8ACC /* MovieDetailsViewController.swift */,
				8007C4EE2C10925D009F8ACC /* MovieDetailsViewController.xib */,
			);
			path = MovieDetails;
			sourceTree = "<group>";
		};
/* End PBXGroup section */

/* Begin PBXNativeTarget section */
		2FCC3B742C0DF6E100520C95 /* TMDbMovies */ = {
			isa = PBXNativeTarget;
			buildConfigurationList = 2FCC3BA22C0DF6E400520C95 /* Build configuration list for PBXNativeTarget "TMDbMovies" */;
			buildPhases = (
				2FCC3B712C0DF6E100520C95 /* Sources */,
				2FCC3B722C0DF6E100520C95 /* Frameworks */,
				2FCC3B732C0DF6E100520C95 /* Resources */,
				8007C4442C0E08CB009F8ACC /* Embed Frameworks */,
			);
			buildRules = (
			);
			dependencies = (
			);
			name = TMDbMovies;
			productName = TMDbMovies;
			productReference = 2FCC3B752C0DF6E100520C95 /* TMDbMovies.app */;
			productType = "com.apple.product-type.application";
		};
		2FCC3B8D2C0DF6E400520C95 /* TMDbMoviesTests */ = {
			isa = PBXNativeTarget;
			buildConfigurationList = 2FCC3BA52C0DF6E400520C95 /* Build configuration list for PBXNativeTarget "TMDbMoviesTests" */;
			buildPhases = (
				2FCC3B8A2C0DF6E400520C95 /* Sources */,
				2FCC3B8B2C0DF6E400520C95 /* Frameworks */,
				2FCC3B8C2C0DF6E400520C95 /* Resources */,
				8007C5042C110DAD009F8ACC /* Embed Frameworks */,
			);
			buildRules = (
			);
			dependencies = (
				2FCC3B902C0DF6E400520C95 /* PBXTargetDependency */,
			);
			name = TMDbMoviesTests;
			productName = TMDbMoviesTests;
			productReference = 2FCC3B8E2C0DF6E400520C95 /* TMDbMoviesTests.xctest */;
			productType = "com.apple.product-type.bundle.unit-test";
		};
/* End PBXNativeTarget section */

/* Begin PBXProject section */
		2FCC3B6D2C0DF6E100520C95 /* Project object */ = {
			isa = PBXProject;
			attributes = {
				BuildIndependentTargetsInParallel = 1;
				LastSwiftUpdateCheck = 1530;
				LastUpgradeCheck = 1530;
				TargetAttributes = {
					2FCC3B742C0DF6E100520C95 = {
						CreatedOnToolsVersion = 15.3;
					};
					2FCC3B8D2C0DF6E400520C95 = {
						CreatedOnToolsVersion = 15.3;
						TestTargetID = 2FCC3B742C0DF6E100520C95;
					};
				};
			};
			buildConfigurationList = 2FCC3B702C0DF6E100520C95 /* Build configuration list for PBXProject "TMDbMovies" */;
			compatibilityVersion = "Xcode 14.0";
			developmentRegion = en;
			hasScannedForEncodings = 0;
			knownRegions = (
				en,
				Base,
			);
			mainGroup = 2FCC3B6C2C0DF6E100520C95;
			productRefGroup = 2FCC3B762C0DF6E100520C95 /* Products */;
			projectDirPath = "";
			projectRoot = "";
			targets = (
				2FCC3B742C0DF6E100520C95 /* TMDbMovies */,
				2FCC3B8D2C0DF6E400520C95 /* TMDbMoviesTests */,
			);
		};
/* End PBXProject section */

/* Begin PBXResourcesBuildPhase section */
		2FCC3B732C0DF6E100520C95 /* Resources */ = {
			isa = PBXResourcesBuildPhase;
			buildActionMask = 2147483647;
			files = (
				2FCC3B852C0DF6E400520C95 /* Assets.xcassets in Resources */,
				2FCC3B882C0DF6E400520C95 /* Base in Resources */,
				8007C4A32C0FA280009F8ACC /* MovieTableViewCell.xib in Resources */,
				8007C49F2C0F9DB7009F8ACC /* MoviesViewController.xib in Resources */,
				8007C4F02C10925D009F8ACC /* MovieDetailsViewController.xib in Resources */,
			);
			runOnlyForDeploymentPostprocessing = 0;
		};
		2FCC3B8C2C0DF6E400520C95 /* Resources */ = {
			isa = PBXResourcesBuildPhase;
			buildActionMask = 2147483647;
			files = (
			);
			runOnlyForDeploymentPostprocessing = 0;
		};
/* End PBXResourcesBuildPhase section */

/* Begin PBXSourcesBuildPhase section */
		2FCC3B712C0DF6E100520C95 /* Sources */ = {
			isa = PBXSourcesBuildPhase;
			buildActionMask = 2147483647;
			files = (
				8007C4812C0EFDA0009F8ACC /* TabCoordinator.swift in Sources */,
				2FCC3B832C0DF6E100520C95 /* TMDbMovies.xcdatamodeld in Sources */,
				8007C4902C0F4BD7009F8ACC /* Movie.swift in Sources */,
				8007C47E2C0EFD23009F8ACC /* Coordinator.swift in Sources */,
				8007C47B2C0EFCE4009F8ACC /* AppCoordinator.swift in Sources */,
				8007C4CA2C1047C7009F8ACC /* Constants.swift in Sources */,
				8007C4A52C0FA28E009F8ACC /* MovieCellViewModel.swift in Sources */,
				8007C4932C0F5019009F8ACC /* MoviesRepository.swift in Sources */,
				8007C4EC2C109232009F8ACC /* MovieDetailsViewModel.swift in Sources */,
				8007C4F42C10A0AC009F8ACC /* MoviesCoordinator.swift in Sources */,
				8007C4962C0F5203009F8ACC /* MoviesRequest.swift in Sources */,
				8007C4F82C10D79C009F8ACC /* MovieDetailsRepository.swift in Sources */,
				2FCC3B792C0DF6E100520C95 /* AppDelegate.swift in Sources */,
				2FCC3B7B2C0DF6E100520C95 /* SceneDelegate.swift in Sources */,
				8007C4FA2C10D83F009F8ACC /* MovieDetailsUseCase.swift in Sources */,
				8007C49E2C0F9DB7009F8ACC /* MoviesViewController.swift in Sources */,
				8007C4992C0F52D0009F8ACC /* MoviesUseCase.swift in Sources */,
				8007C48E2C0F4BCA009F8ACC /* MoviesViewModel.swift in Sources */,
				8007C4A22C0FA280009F8ACC /* MovieTableViewCell.swift in Sources */,
				8007C4EF2C10925D009F8ACC /* MovieDetailsViewController.swift in Sources */,
				8007C4F62C10D3E1009F8ACC /* MovieDetailsRequest.swift in Sources */,
			);
			runOnlyForDeploymentPostprocessing = 0;
		};
		2FCC3B8A2C0DF6E400520C95 /* Sources */ = {
			isa = PBXSourcesBuildPhase;
			buildActionMask = 2147483647;
			files = (
				8007C4FE2C11087B009F8ACC /* MovieDetailsViewModelTests.swift in Sources */,
				2FCC3B932C0DF6E400520C95 /* TMDbMoviesTests.swift in Sources */,
				8007C5082C1112FB009F8ACC /* MoviesViewModelTests.swift in Sources */,
			);
			runOnlyForDeploymentPostprocessing = 0;
		};
/* End PBXSourcesBuildPhase section */

/* Begin PBXTargetDependency section */
		2FCC3B902C0DF6E400520C95 /* PBXTargetDependency */ = {
			isa = PBXTargetDependency;
			target = 2FCC3B742C0DF6E100520C95 /* TMDbMovies */;
			targetProxy = 2FCC3B8F2C0DF6E400520C95 /* PBXContainerItemProxy */;
		};
/* End PBXTargetDependency section */

/* Begin PBXVariantGroup section */
		2FCC3B862C0DF6E400520C95 /* LaunchScreen.storyboard */ = {
			isa = PBXVariantGroup;
			children = (
				2FCC3B872C0DF6E400520C95 /* Base */,
			);
			name = LaunchScreen.storyboard;
			sourceTree = "<group>";
		};
/* End PBXVariantGroup section */

/* Begin XCBuildConfiguration section */
		2FCC3BA02C0DF6E400520C95 /* Debug */ = {
			isa = XCBuildConfiguration;
			buildSettings = {
				ALWAYS_SEARCH_USER_PATHS = NO;
				ASSETCATALOG_COMPILER_GENERATE_SWIFT_ASSET_SYMBOL_EXTENSIONS = YES;
				CLANG_ANALYZER_NONNULL = YES;
				CLANG_ANALYZER_NUMBER_OBJECT_CONVERSION = YES_AGGRESSIVE;
				CLANG_CXX_LANGUAGE_STANDARD = "gnu++20";
				CLANG_ENABLE_MODULES = YES;
				CLANG_ENABLE_OBJC_ARC = YES;
				CLANG_ENABLE_OBJC_WEAK = YES;
				CLANG_WARN_BLOCK_CAPTURE_AUTORELEASING = YES;
				CLANG_WARN_BOOL_CONVERSION = YES;
				CLANG_WARN_COMMA = YES;
				CLANG_WARN_CONSTANT_CONVERSION = YES;
				CLANG_WARN_DEPRECATED_OBJC_IMPLEMENTATIONS = YES;
				CLANG_WARN_DIRECT_OBJC_ISA_USAGE = YES_ERROR;
				CLANG_WARN_DOCUMENTATION_COMMENTS = YES;
				CLANG_WARN_EMPTY_BODY = YES;
				CLANG_WARN_ENUM_CONVERSION = YES;
				CLANG_WARN_INFINITE_RECURSION = YES;
				CLANG_WARN_INT_CONVERSION = YES;
				CLANG_WARN_NON_LITERAL_NULL_CONVERSION = YES;
				CLANG_WARN_OBJC_IMPLICIT_RETAIN_SELF = YES;
				CLANG_WARN_OBJC_LITERAL_CONVERSION = YES;
				CLANG_WARN_OBJC_ROOT_CLASS = YES_ERROR;
				CLANG_WARN_QUOTED_INCLUDE_IN_FRAMEWORK_HEADER = YES;
				CLANG_WARN_RANGE_LOOP_ANALYSIS = YES;
				CLANG_WARN_STRICT_PROTOTYPES = YES;
				CLANG_WARN_SUSPICIOUS_MOVE = YES;
				CLANG_WARN_UNGUARDED_AVAILABILITY = YES_AGGRESSIVE;
				CLANG_WARN_UNREACHABLE_CODE = YES;
				CLANG_WARN__DUPLICATE_METHOD_MATCH = YES;
				COPY_PHASE_STRIP = NO;
				DEBUG_INFORMATION_FORMAT = dwarf;
				ENABLE_STRICT_OBJC_MSGSEND = YES;
				ENABLE_TESTABILITY = YES;
				ENABLE_USER_SCRIPT_SANDBOXING = YES;
				GCC_C_LANGUAGE_STANDARD = gnu17;
				GCC_DYNAMIC_NO_PIC = NO;
				GCC_NO_COMMON_BLOCKS = YES;
				GCC_OPTIMIZATION_LEVEL = 0;
				GCC_PREPROCESSOR_DEFINITIONS = (
					"DEBUG=1",
					"$(inherited)",
				);
				GCC_WARN_64_TO_32_BIT_CONVERSION = YES;
				GCC_WARN_ABOUT_RETURN_TYPE = YES_ERROR;
				GCC_WARN_UNDECLARED_SELECTOR = YES;
				GCC_WARN_UNINITIALIZED_AUTOS = YES_AGGRESSIVE;
				GCC_WARN_UNUSED_FUNCTION = YES;
				GCC_WARN_UNUSED_VARIABLE = YES;
				IPHONEOS_DEPLOYMENT_TARGET = 17.4;
				LOCALIZATION_PREFERS_STRING_CATALOGS = YES;
				MTL_ENABLE_DEBUG_INFO = INCLUDE_SOURCE;
				MTL_FAST_MATH = YES;
				ONLY_ACTIVE_ARCH = YES;
				SDKROOT = iphoneos;
				SWIFT_ACTIVE_COMPILATION_CONDITIONS = "DEBUG $(inherited)";
				SWIFT_OPTIMIZATION_LEVEL = "-Onone";
			};
			name = Debug;
		};
		2FCC3BA12C0DF6E400520C95 /* Release */ = {
			isa = XCBuildConfiguration;
			buildSettings = {
				ALWAYS_SEARCH_USER_PATHS = NO;
				ASSETCATALOG_COMPILER_GENERATE_SWIFT_ASSET_SYMBOL_EXTENSIONS = YES;
				CLANG_ANALYZER_NONNULL = YES;
				CLANG_ANALYZER_NUMBER_OBJECT_CONVERSION = YES_AGGRESSIVE;
				CLANG_CXX_LANGUAGE_STANDARD = "gnu++20";
				CLANG_ENABLE_MODULES = YES;
				CLANG_ENABLE_OBJC_ARC = YES;
				CLANG_ENABLE_OBJC_WEAK = YES;
				CLANG_WARN_BLOCK_CAPTURE_AUTORELEASING = YES;
				CLANG_WARN_BOOL_CONVERSION = YES;
				CLANG_WARN_COMMA = YES;
				CLANG_WARN_CONSTANT_CONVERSION = YES;
				CLANG_WARN_DEPRECATED_OBJC_IMPLEMENTATIONS = YES;
				CLANG_WARN_DIRECT_OBJC_ISA_USAGE = YES_ERROR;
				CLANG_WARN_DOCUMENTATION_COMMENTS = YES;
				CLANG_WARN_EMPTY_BODY = YES;
				CLANG_WARN_ENUM_CONVERSION = YES;
				CLANG_WARN_INFINITE_RECURSION = YES;
				CLANG_WARN_INT_CONVERSION = YES;
				CLANG_WARN_NON_LITERAL_NULL_CONVERSION = YES;
				CLANG_WARN_OBJC_IMPLICIT_RETAIN_SELF = YES;
				CLANG_WARN_OBJC_LITERAL_CONVERSION = YES;
				CLANG_WARN_OBJC_ROOT_CLASS = YES_ERROR;
				CLANG_WARN_QUOTED_INCLUDE_IN_FRAMEWORK_HEADER = YES;
				CLANG_WARN_RANGE_LOOP_ANALYSIS = YES;
				CLANG_WARN_STRICT_PROTOTYPES = YES;
				CLANG_WARN_SUSPICIOUS_MOVE = YES;
				CLANG_WARN_UNGUARDED_AVAILABILITY = YES_AGGRESSIVE;
				CLANG_WARN_UNREACHABLE_CODE = YES;
				CLANG_WARN__DUPLICATE_METHOD_MATCH = YES;
				COPY_PHASE_STRIP = NO;
				DEBUG_INFORMATION_FORMAT = "dwarf-with-dsym";
				ENABLE_NS_ASSERTIONS = NO;
				ENABLE_STRICT_OBJC_MSGSEND = YES;
				ENABLE_USER_SCRIPT_SANDBOXING = YES;
				GCC_C_LANGUAGE_STANDARD = gnu17;
				GCC_NO_COMMON_BLOCKS = YES;
				GCC_WARN_64_TO_32_BIT_CONVERSION = YES;
				GCC_WARN_ABOUT_RETURN_TYPE = YES_ERROR;
				GCC_WARN_UNDECLARED_SELECTOR = YES;
				GCC_WARN_UNINITIALIZED_AUTOS = YES_AGGRESSIVE;
				GCC_WARN_UNUSED_FUNCTION = YES;
				GCC_WARN_UNUSED_VARIABLE = YES;
				IPHONEOS_DEPLOYMENT_TARGET = 17.4;
				LOCALIZATION_PREFERS_STRING_CATALOGS = YES;
				MTL_ENABLE_DEBUG_INFO = NO;
				MTL_FAST_MATH = YES;
				SDKROOT = iphoneos;
				SWIFT_COMPILATION_MODE = wholemodule;
				VALIDATE_PRODUCT = YES;
			};
			name = Release;
		};
		2FCC3BA32C0DF6E400520C95 /* Debug */ = {
			isa = XCBuildConfiguration;
			buildSettings = {
				ASSETCATALOG_COMPILER_APPICON_NAME = AppIcon;
				ASSETCATALOG_COMPILER_GLOBAL_ACCENT_COLOR_NAME = AccentColor;
				CODE_SIGN_STYLE = Automatic;
				CURRENT_PROJECT_VERSION = 1;
				DEVELOPMENT_TEAM = XNC5C24RYH;
				GENERATE_INFOPLIST_FILE = YES;
				INFOPLIST_FILE = TMDbMovies/Info.plist;
				INFOPLIST_KEY_LSApplicationCategoryType = "public.app-category.video";
				INFOPLIST_KEY_UIApplicationSupportsIndirectInputEvents = YES;
				INFOPLIST_KEY_UILaunchStoryboardName = LaunchScreen;
				INFOPLIST_KEY_UISupportedInterfaceOrientations = UIInterfaceOrientationPortrait;
				INFOPLIST_KEY_UISupportedInterfaceOrientations_iPad = "UIInterfaceOrientationLandscapeLeft UIInterfaceOrientationLandscapeRight UIInterfaceOrientationPortrait UIInterfaceOrientationPortraitUpsideDown";
				INFOPLIST_KEY_UIUserInterfaceStyle = Light;
				IPHONEOS_DEPLOYMENT_TARGET = 15.0;
				LD_RUNPATH_SEARCH_PATHS = (
					"$(inherited)",
					"@executable_path/Frameworks",
				);
				MARKETING_VERSION = 1.0;
				PRODUCT_BUNDLE_IDENTIFIER = com.tmdbmovies.app;
				PRODUCT_NAME = "$(TARGET_NAME)";
				SUPPORTED_PLATFORMS = "iphoneos iphonesimulator";
				SUPPORTS_MACCATALYST = NO;
				SUPPORTS_MAC_DESIGNED_FOR_IPHONE_IPAD = NO;
				SUPPORTS_XR_DESIGNED_FOR_IPHONE_IPAD = NO;
				SWIFT_EMIT_LOC_STRINGS = YES;
				SWIFT_VERSION = 5.0;
				TARGETED_DEVICE_FAMILY = 1;
			};
			name = Debug;
		};
		2FCC3BA42C0DF6E400520C95 /* Release */ = {
			isa = XCBuildConfiguration;
			buildSettings = {
				ASSETCATALOG_COMPILER_APPICON_NAME = AppIcon;
				ASSETCATALOG_COMPILER_GLOBAL_ACCENT_COLOR_NAME = AccentColor;
				CODE_SIGN_STYLE = Automatic;
				CURRENT_PROJECT_VERSION = 1;
				DEVELOPMENT_TEAM = XNC5C24RYH;
				GENERATE_INFOPLIST_FILE = YES;
				INFOPLIST_FILE = TMDbMovies/Info.plist;
				INFOPLIST_KEY_LSApplicationCategoryType = "public.app-category.video";
				INFOPLIST_KEY_UIApplicationSupportsIndirectInputEvents = YES;
				INFOPLIST_KEY_UILaunchStoryboardName = LaunchScreen;
				INFOPLIST_KEY_UISupportedInterfaceOrientations = UIInterfaceOrientationPortrait;
				INFOPLIST_KEY_UISupportedInterfaceOrientations_iPad = "UIInterfaceOrientationLandscapeLeft UIInterfaceOrientationLandscapeRight UIInterfaceOrientationPortrait UIInterfaceOrientationPortraitUpsideDown";
				INFOPLIST_KEY_UIUserInterfaceStyle = Light;
				IPHONEOS_DEPLOYMENT_TARGET = 15.0;
				LD_RUNPATH_SEARCH_PATHS = (
					"$(inherited)",
					"@executable_path/Frameworks",
				);
				MARKETING_VERSION = 1.0;
				PRODUCT_BUNDLE_IDENTIFIER = com.tmdbmovies.app;
				PRODUCT_NAME = "$(TARGET_NAME)";
				SUPPORTED_PLATFORMS = "iphoneos iphonesimulator";
				SUPPORTS_MACCATALYST = NO;
				SUPPORTS_MAC_DESIGNED_FOR_IPHONE_IPAD = NO;
				SUPPORTS_XR_DESIGNED_FOR_IPHONE_IPAD = NO;
				SWIFT_EMIT_LOC_STRINGS = YES;
				SWIFT_VERSION = 5.0;
				TARGETED_DEVICE_FAMILY = 1;
			};
			name = Release;
		};
		2FCC3BA62C0DF6E400520C95 /* Debug */ = {
			isa = XCBuildConfiguration;
			buildSettings = {
				ALWAYS_EMBED_SWIFT_STANDARD_LIBRARIES = YES;
				BUNDLE_LOADER = "$(TEST_HOST)";
				CODE_SIGN_STYLE = Automatic;
				CURRENT_PROJECT_VERSION = 1;
				DEVELOPMENT_TEAM = XNC5C24RYH;
				GENERATE_INFOPLIST_FILE = YES;
				IPHONEOS_DEPLOYMENT_TARGET = 15.0;
				MARKETING_VERSION = 1.0;
				PRODUCT_BUNDLE_IDENTIFIER = "com.-moviesassignment.app.TMDbMoviesTests";
				PRODUCT_NAME = "$(TARGET_NAME)";
				SUPPORTED_PLATFORMS = "iphoneos iphonesimulator";
				SUPPORTS_MACCATALYST = NO;
				SUPPORTS_MAC_DESIGNED_FOR_IPHONE_IPAD = NO;
				SWIFT_EMIT_LOC_STRINGS = NO;
				SWIFT_VERSION = 5.0;
				TARGETED_DEVICE_FAMILY = 1;
				TEST_HOST = "$(BUILT_PRODUCTS_DIR)/TMDbMovies.app/$(BUNDLE_EXECUTABLE_FOLDER_PATH)/TMDbMovies";
			};
			name = Debug;
		};
		2FCC3BA72C0DF6E400520C95 /* Release */ = {
			isa = XCBuildConfiguration;
			buildSettings = {
				ALWAYS_EMBED_SWIFT_STANDARD_LIBRARIES = YES;
				BUNDLE_LOADER = "$(TEST_HOST)";
				CODE_SIGN_STYLE = Automatic;
				CURRENT_PROJECT_VERSION = 1;
				DEVELOPMENT_TEAM = XNC5C24RYH;
				GENERATE_INFOPLIST_FILE = YES;
				IPHONEOS_DEPLOYMENT_TARGET = 15.0;
				MARKETING_VERSION = 1.0;
				PRODUCT_BUNDLE_IDENTIFIER = "com.-moviesassignment.app.TMDbMoviesTests";
				PRODUCT_NAME = "$(TARGET_NAME)";
				SUPPORTED_PLATFORMS = "iphoneos iphonesimulator";
				SUPPORTS_MACCATALYST = NO;
				SUPPORTS_MAC_DESIGNED_FOR_IPHONE_IPAD = NO;
				SWIFT_EMIT_LOC_STRINGS = NO;
				SWIFT_VERSION = 5.0;
				TARGETED_DEVICE_FAMILY = 1;
				TEST_HOST = "$(BUILT_PRODUCTS_DIR)/TMDbMovies.app/$(BUNDLE_EXECUTABLE_FOLDER_PATH)/TMDbMovies";
			};
			name = Release;
		};
/* End XCBuildConfiguration section */

/* Begin XCConfigurationList section */
		2FCC3B702C0DF6E100520C95 /* Build configuration list for PBXProject "TMDbMovies" */ = {
			isa = XCConfigurationList;
			buildConfigurations = (
				2FCC3BA02C0DF6E400520C95 /* Debug */,
				2FCC3BA12C0DF6E400520C95 /* Release */,
			);
			defaultConfigurationIsVisible = 0;
			defaultConfigurationName = Release;
		};
		2FCC3BA22C0DF6E400520C95 /* Build configuration list for PBXNativeTarget "TMDbMovies" */ = {
			isa = XCConfigurationList;
			buildConfigurations = (
				2FCC3BA32C0DF6E400520C95 /* Debug */,
				2FCC3BA42C0DF6E400520C95 /* Release */,
			);
			defaultConfigurationIsVisible = 0;
			defaultConfigurationName = Release;
		};
		2FCC3BA52C0DF6E400520C95 /* Build configuration list for PBXNativeTarget "TMDbMoviesTests" */ = {
			isa = XCConfigurationList;
			buildConfigurations = (
				2FCC3BA62C0DF6E400520C95 /* Debug */,
				2FCC3BA72C0DF6E400520C95 /* Release */,
			);
			defaultConfigurationIsVisible = 0;
			defaultConfigurationName = Release;
		};
/* End XCConfigurationList section */

/* Begin XCVersionGroup section */
		2FCC3B812C0DF6E100520C95 /* TMDbMovies.xcdatamodeld */ = {
			isa = XCVersionGroup;
			children = (
				2FCC3B822C0DF6E100520C95 /* TMDbMovies.xcdatamodel */,
			);
			currentVersion = 2FCC3B822C0DF6E100520C95 /* TMDbMovies.xcdatamodel */;
			path = TMDbMovies.xcdatamodeld;
			sourceTree = "<group>";
			versionGroupType = wrapper.xcdatamodel;
		};
/* End XCVersionGroup section */
	};
	rootObject = 2FCC3B6D2C0DF6E100520C95 /* Project object */;
}
